
Microsoft Visual Studio Solution File, Format Version 12.00
# Visual Studio Version 17
VisualStudioVersion = 17.6.33815.320
MinimumVisualStudioVersion = 10.0.40219.1
Project("{9A19103F-16F7-4668-BE54-9A1E7A4F7556}") = "EmployeeManagerAPI", "EmployeeManagerAPI\EmployeeManagerAPI.csproj", "{8DFC83A5-C848-4075-8232-5832FAE2AB33}"
EndProject
Project("{FAE04EC0-301F-11D3-BF4B-00C04F79EFBC}") = "EmployeeManagerAPI.UnitTests", "EmployeeManagerAPI.UnitTests\EmployeeManagerAPI.UnitTests.csproj", "{B136269D-5A8A-42B7-80A3-00E9FD2D7C90}"
EndProject
Global
	GlobalSection(SolutionConfigurationPlatforms) = preSolution
		Debug|Any CPU = Debug|Any CPU
		Release|Any CPU = Release|Any CPU
	EndGlobalSection
	GlobalSection(ProjectConfigurationPlatforms) = postSolution
		{8DFC83A5-C848-4075-8232-5832FAE2AB33}.Debug|Any CPU.ActiveCfg = Debug|Any CPU
		{8DFC83A5-C848-4075-8232-5832FAE2AB33}.Debug|Any CPU.Build.0 = Debug|Any CPU
		{8DFC83A5-C848-4075-8232-5832FAE2AB33}.Release|Any CPU.ActiveCfg = Release|Any CPU
		{8DFC83A5-C848-4075-8232-5832FAE2AB33}.Release|Any CPU.Build.0 = Release|Any CPU
		{B136269D-5A8A-42B7-80A3-00E9FD2D7C90}.Debug|Any CPU.ActiveCfg = Debug|Any CPU
		{B136269D-5A8A-42B7-80A3-00E9FD2D7C90}.Debug|Any CPU.Build.0 = Debug|Any CPU
		{B136269D-5A8A-42B7-80A3-00E9FD2D7C90}.Release|Any CPU.ActiveCfg = Release|Any CPU
		{B136269D-5A8A-42B7-80A3-00E9FD2D7C90}.Release|Any CPU.Build.0 = Release|Any CPU
	EndGlobalSection
	GlobalSection(SolutionProperties) = preSolution
		HideSolutionNode = FALSE
	EndGlobalSection
	GlobalSection(ExtensibilityGlobals) = postSolution
		SolutionGuid = {E975B149-1F50-47F7-B1EF-EF90A0782AF3}
	EndGlobalSection
EndGlobal
